
Microsoft Visual Studio Solution File, Format Version 12.00
# Visual Studio 14
VisualStudioVersion = 14.0.25420.1
MinimumVisualStudioVersion = 10.0.40219.1
Project("{FAE04EC0-301F-11D3-BF4B-00C04F79EFBC}") = "CivL", "CivL\CivL.csproj", "{181E387A-5890-4461-9EBE-B598052B3F75}"
EndProject
Project("{FAE04EC0-301F-11D3-BF4B-00C04F79EFBC}") = "CivL.Models", "CivL.Models\CivL.Models.csproj", "{2AD7EDA3-AA65-4F65-BAEF-2F45DE5B633C}"
EndProject
Project("{FAE04EC0-301F-11D3-BF4B-00C04F79EFBC}") = "CivL.DTOs", "CivL.DTOs\CivL.DTOs.csproj", "{0286B1F4-25A6-4E97-B035-5878DC5EE7F4}"
EndProject
Global
	GlobalSection(SolutionConfigurationPlatforms) = preSolution
		Debug|Any CPU = Debug|Any CPU
		Release|Any CPU = Release|Any CPU
	EndGlobalSection
	GlobalSection(ProjectConfigurationPlatforms) = postSolution
		{181E387A-5890-4461-9EBE-B598052B3F75}.Debug|Any CPU.ActiveCfg = Debug|Any CPU
		{181E387A-5890-4461-9EBE-B598052B3F75}.Debug|Any CPU.Build.0 = Debug|Any CPU
		{181E387A-5890-4461-9EBE-B598052B3F75}.Release|Any CPU.ActiveCfg = Release|Any CPU
		{181E387A-5890-4461-9EBE-B598052B3F75}.Release|Any CPU.Build.0 = Release|Any CPU
		{2AD7EDA3-AA65-4F65-BAEF-2F45DE5B633C}.Debug|Any CPU.ActiveCfg = Debug|Any CPU
		{2AD7EDA3-AA65-4F65-BAEF-2F45DE5B633C}.Debug|Any CPU.Build.0 = Debug|Any CPU
		{2AD7EDA3-AA65-4F65-BAEF-2F45DE5B633C}.Release|Any CPU.ActiveCfg = Release|Any CPU
		{2AD7EDA3-AA65-4F65-BAEF-2F45DE5B633C}.Release|Any CPU.Build.0 = Release|Any CPU
		{0286B1F4-25A6-4E97-B035-5878DC5EE7F4}.Debug|Any CPU.ActiveCfg = Debug|Any CPU
		{0286B1F4-25A6-4E97-B035-5878DC5EE7F4}.Debug|Any CPU.Build.0 = Debug|Any CPU
		{0286B1F4-25A6-4E97-B035-5878DC5EE7F4}.Release|Any CPU.ActiveCfg = Release|Any CPU
		{0286B1F4-25A6-4E97-B035-5878DC5EE7F4}.Release|Any CPU.Build.0 = Release|Any CPU
	EndGlobalSection
	GlobalSection(SolutionProperties) = preSolution
		HideSolutionNode = FALSE
	EndGlobalSection
EndGlobal
